
Microsoft Visual Studio Solution File, Format Version 12.00
# Visual Studio Version 16
VisualStudioVersion = 16.0.30804.86
MinimumVisualStudioVersion = 15.0.26124.0
Project("{9A19103F-16F7-4668-BE54-9A1E7A4F7556}") = "devshops.Api", "devshops.Api\devshops.Api.csproj", "{7D949BDA-DF70-4D9A-88E7-7A4838755F57}"
EndProject
Project("{9A19103F-16F7-4668-BE54-9A1E7A4F7556}") = "devshops.Core", "devshops.Core\devshops.Core.csproj", "{29377AB3-3F86-42BB-8C12-25459AD544A5}"
EndProject
Project("{9A19103F-16F7-4668-BE54-9A1E7A4F7556}") = "devshops.Domain", "devshops.Domain\devshops.Domain.csproj", "{AB7A04BF-813D-442F-BC44-CE5873CD1609}"
EndProject
Project("{FAE04EC0-301F-11D3-BF4B-00C04F79EFBC}") = "devshops.Infrastructure", "devshops.Infrastructure\devshops.Infrastructure.csproj", "{1B3608BC-634D-4FA7-9DB1-93C131242F31}"
EndProject
Global
	GlobalSection(SolutionConfigurationPlatforms) = preSolution
		Debug|Any CPU = Debug|Any CPU
		Debug|x64 = Debug|x64
		Debug|x86 = Debug|x86
		Release|Any CPU = Release|Any CPU
		Release|x64 = Release|x64
		Release|x86 = Release|x86
	EndGlobalSection
	GlobalSection(ProjectConfigurationPlatforms) = postSolution
		{7D949BDA-DF70-4D9A-88E7-7A4838755F57}.Debug|Any CPU.ActiveCfg = Debug|Any CPU
		{7D949BDA-DF70-4D9A-88E7-7A4838755F57}.Debug|Any CPU.Build.0 = Debug|Any CPU
		{7D949BDA-DF70-4D9A-88E7-7A4838755F57}.Debug|x64.ActiveCfg = Debug|Any CPU
		{7D949BDA-DF70-4D9A-88E7-7A4838755F57}.Debug|x64.Build.0 = Debug|Any CPU
		{7D949BDA-DF70-4D9A-88E7-7A4838755F57}.Debug|x86.ActiveCfg = Debug|Any CPU
		{7D949BDA-DF70-4D9A-88E7-7A4838755F57}.Debug|x86.Build.0 = Debug|Any CPU
		{7D949BDA-DF70-4D9A-88E7-7A4838755F57}.Release|Any CPU.ActiveCfg = Release|Any CPU
		{7D949BDA-DF70-4D9A-88E7-7A4838755F57}.Release|Any CPU.Build.0 = Release|Any CPU
		{7D949BDA-DF70-4D9A-88E7-7A4838755F57}.Release|x64.ActiveCfg = Release|Any CPU
		{7D949BDA-DF70-4D9A-88E7-7A4838755F57}.Release|x64.Build.0 = Release|Any CPU
		{7D949BDA-DF70-4D9A-88E7-7A4838755F57}.Release|x86.ActiveCfg = Release|Any CPU
		{7D949BDA-DF70-4D9A-88E7-7A4838755F57}.Release|x86.Build.0 = Release|Any CPU
		{29377AB3-3F86-42BB-8C12-25459AD544A5}.Debug|Any CPU.ActiveCfg = Debug|Any CPU
		{29377AB3-3F86-42BB-8C12-25459AD544A5}.Debug|Any CPU.Build.0 = Debug|Any CPU
		{29377AB3-3F86-42BB-8C12-25459AD544A5}.Debug|x64.ActiveCfg = Debug|Any CPU
		{29377AB3-3F86-42BB-8C12-25459AD544A5}.Debug|x64.Build.0 = Debug|Any CPU
		{29377AB3-3F86-42BB-8C12-25459AD544A5}.Debug|x86.ActiveCfg = Debug|Any CPU
		{29377AB3-3F86-42BB-8C12-25459AD544A5}.Debug|x86.Build.0 = Debug|Any CPU
		{29377AB3-3F86-42BB-8C12-25459AD544A5}.Release|Any CPU.ActiveCfg = Release|Any CPU
		{29377AB3-3F86-42BB-8C12-25459AD544A5}.Release|Any CPU.Build.0 = Release|Any CPU
		{29377AB3-3F86-42BB-8C12-25459AD544A5}.Release|x64.ActiveCfg = Release|Any CPU
		{29377AB3-3F86-42BB-8C12-25459AD544A5}.Release|x64.Build.0 = Release|Any CPU
		{29377AB3-3F86-42BB-8C12-25459AD544A5}.Release|x86.ActiveCfg = Release|Any CPU
		{29377AB3-3F86-42BB-8C12-25459AD544A5}.Release|x86.Build.0 = Release|Any CPU
		{AB7A04BF-813D-442F-BC44-CE5873CD1609}.Debug|Any CPU.ActiveCfg = Debug|Any CPU
		{AB7A04BF-813D-442F-BC44-CE5873CD1609}.Debug|Any CPU.Build.0 = Debug|Any CPU
		{AB7A04BF-813D-442F-BC44-CE5873CD1609}.Debug|x64.ActiveCfg = Debug|Any CPU
		{AB7A04BF-813D-442F-BC44-CE5873CD1609}.Debug|x64.Build.0 = Debug|Any CPU
		{AB7A04BF-813D-442F-BC44-CE5873CD1609}.Debug|x86.ActiveCfg = Debug|Any CPU
		{AB7A04BF-813D-442F-BC44-CE5873CD1609}.Debug|x86.Build.0 = Debug|Any CPU
		{AB7A04BF-813D-442F-BC44-CE5873CD1609}.Release|Any CPU.ActiveCfg = Release|Any CPU
		{AB7A04BF-813D-442F-BC44-CE5873CD1609}.Release|Any CPU.Build.0 = Release|Any CPU
		{AB7A04BF-813D-442F-BC44-CE5873CD1609}.Release|x64.ActiveCfg = Release|Any CPU
		{AB7A04BF-813D-442F-BC44-CE5873CD1609}.Release|x64.Build.0 = Release|Any CPU
		{AB7A04BF-813D-442F-BC44-CE5873CD1609}.Release|x86.ActiveCfg = Release|Any CPU
		{AB7A04BF-813D-442F-BC44-CE5873CD1609}.Release|x86.Build.0 = Release|Any CPU
		{1B3608BC-634D-4FA7-9DB1-93C131242F31}.Debug|Any CPU.ActiveCfg = Debug|Any CPU
		{1B3608BC-634D-4FA7-9DB1-93C131242F31}.Debug|Any CPU.Build.0 = Debug|Any CPU
		{1B3608BC-634D-4FA7-9DB1-93C131242F31}.Debug|x64.ActiveCfg = Debug|Any CPU
		{1B3608BC-634D-4FA7-9DB1-93C131242F31}.Debug|x64.Build.0 = Debug|Any CPU
		{1B3608BC-634D-4FA7-9DB1-93C131242F31}.Debug|x86.ActiveCfg = Debug|Any CPU
		{1B3608BC-634D-4FA7-9DB1-93C131242F31}.Debug|x86.Build.0 = Debug|Any CPU
		{1B3608BC-634D-4FA7-9DB1-93C131242F31}.Release|Any CPU.ActiveCfg = Release|Any CPU
		{1B3608BC-634D-4FA7-9DB1-93C131242F31}.Release|Any CPU.Build.0 = Release|Any CPU
		{1B3608BC-634D-4FA7-9DB1-93C131242F31}.Release|x64.ActiveCfg = Release|Any CPU
		{1B3608BC-634D-4FA7-9DB1-93C131242F31}.Release|x64.Build.0 = Release|Any CPU
		{1B3608BC-634D-4FA7-9DB1-93C131242F31}.Release|x86.ActiveCfg = Release|Any CPU
		{1B3608BC-634D-4FA7-9DB1-93C131242F31}.Release|x86.Build.0 = Release|Any CPU
	EndGlobalSection
	GlobalSection(SolutionProperties) = preSolution
		HideSolutionNode = FALSE
	EndGlobalSection
	GlobalSection(ExtensibilityGlobals) = postSolution
		SolutionGuid = {E45E4E11-77ED-4AFA-A378-F77651DA3CFE}
	EndGlobalSection
EndGlobal
